// !$*UTF8*$!
{
	archiveVersion = 1;
	classes = {
	};
	objectVersion = 56;
	objects = {

/* Begin PBXBuildFile section */
		371752E42CDC7DD200AF6936 /* Student_Performance.mlmodel in Sources */ = {isa = PBXBuildFile; fileRef = 371752E32CDC7DD200AF6936 /* Student_Performance.mlmodel */; };
		E1F32A722CDC683C00CB1E74 /* AppDelegate.swift in Sources */ = {isa = PBXBuildFile; fileRef = E1F32A712CDC683C00CB1E74 /* AppDelegate.swift */; };
		E1F32A742CDC683C00CB1E74 /* SceneDelegate.swift in Sources */ = {isa = PBXBuildFile; fileRef = E1F32A732CDC683C00CB1E74 /* SceneDelegate.swift */; };
		E1F32A762CDC683C00CB1E74 /* ViewController.swift in Sources */ = {isa = PBXBuildFile; fileRef = E1F32A752CDC683C00CB1E74 /* ViewController.swift */; };
		E1F32A792CDC683C00CB1E74 /* Base in Resources */ = {isa = PBXBuildFile; fileRef = E1F32A782CDC683C00CB1E74 /* Base */; };
		E1F32A7B2CDC683F00CB1E74 /* Assets.xcassets in Resources */ = {isa = PBXBuildFile; fileRef = E1F32A7A2CDC683F00CB1E74 /* Assets.xcassets */; };
		E1F32A7E2CDC683F00CB1E74 /* Base in Resources */ = {isa = PBXBuildFile; fileRef = E1F32A7D2CDC683F00CB1E74 /* Base */; };
/* End PBXBuildFile section */

/* Begin PBXFileReference section */
		371752E32CDC7DD200AF6936 /* Student_Performance.mlmodel */ = {isa = PBXFileReference; lastKnownFileType = file.mlmodel; path = Student_Performance.mlmodel; sourceTree = "<group>"; };
		E1F32A6E2CDC683C00CB1E74 /* StudentPerfomance.app */ = {isa = PBXFileReference; explicitFileType = wrapper.application; includeInIndex = 0; path = StudentPerfomance.app; sourceTree = BUILT_PRODUCTS_DIR; };
		E1F32A712CDC683C00CB1E74 /* AppDelegate.swift */ = {isa = PBXFileReference; lastKnownFileType = sourcecode.swift; path = AppDelegate.swift; sourceTree = "<group>"; };
		E1F32A732CDC683C00CB1E74 /* SceneDelegate.swift */ = {isa = PBXFileReference; lastKnownFileType = sourcecode.swift; path = SceneDelegate.swift; sourceTree = "<group>"; };
		E1F32A752CDC683C00CB1E74 /* ViewController.swift */ = {isa = PBXFileReference; lastKnownFileType = sourcecode.swift; path = ViewController.swift; sourceTree = "<group>"; };
		E1F32A782CDC683C00CB1E74 /* Base */ = {isa = PBXFileReference; lastKnownFileType = file.storyboard; name = Base; path = Base.lproj/Main.storyboard; sourceTree = "<group>"; };
		E1F32A7A2CDC683F00CB1E74 /* Assets.xcassets */ = {isa = PBXFileReference; lastKnownFileType = folder.assetcatalog; path = Assets.xcassets; sourceTree = "<group>"; };
		E1F32A7D2CDC683F00CB1E74 /* Base */ = {isa = PBXFileReference; lastKnownFileType = file.storyboard; name = Base; path = Base.lproj/LaunchScreen.storyboard; sourceTree = "<group>"; };
		E1F32A7F2CDC683F00CB1E74 /* Info.plist */ = {isa = PBXFileReference; lastKnownFileType = text.plist.xml; path = Info.plist; sourceTree = "<group>"; };
/* End PBXFileReference section */

/* Begin PBXFrameworksBuildPhase section */
		E1F32A6B2CDC683C00CB1E74 /* Frameworks */ = {
			isa = PBXFrameworksBuildPhase;
			buildActionMask = 2147483647;
			files = (
			);
			runOnlyForDeploymentPostprocessing = 0;
		};
/* End PBXFrameworksBuildPhase section */

/* Begin PBXGroup section */
		E1F32A652CDC683C00CB1E74 = {
			isa = PBXGroup;
			children = (
				E1F32A702CDC683C00CB1E74 /* StudentPerfomance */,
				E1F32A6F2CDC683C00CB1E74 /* Products */,
			);
			sourceTree = "<group>";
		};
		E1F32A6F2CDC683C00CB1E74 /* Products */ = {
			isa = PBXGroup;
			children = (
				E1F32A6E2CDC683C00CB1E74 /* StudentPerfomance.app */,
			);
			name = Products;
			sourceTree = "<group>";
		};
		E1F32A702CDC683C00CB1E74 /* StudentPerfomance */ = {
			isa = PBXGroup;
			children = (
				E1F32A712CDC683C00CB1E74 /* AppDelegate.swift */,
				E1F32A732CDC683C00CB1E74 /* SceneDelegate.swift */,
				E1F32A752CDC683C00CB1E74 /* ViewController.swift */,
				E1F32A772CDC683C00CB1E74 /* Main.storyboard */,
				E1F32A7A2CDC683F00CB1E74 /* Assets.xcassets */,
				E1F32A7C2CDC683F00CB1E74 /* LaunchScreen.storyboard */,
				E1F32A7F2CDC683F00CB1E74 /* Info.plist */,
				371752E32CDC7DD200AF6936 /* Student_Performance.mlmodel */,
			);
			path = StudentPerfomance;
			sourceTree = "<group>";
		};
/* End PBXGroup section */

/* Begin PBXNativeTarget section */
		E1F32A6D2CDC683C00CB1E74 /* StudentPerfomance */ = {
			isa = PBXNativeTarget;
			buildConfigurationList = E1F32A822CDC683F00CB1E74 /* Build configuration list for PBXNativeTarget "StudentPerfomance" */;
			buildPhases = (
				E1F32A6A2CDC683C00CB1E74 /* Sources */,
				E1F32A6B2CDC683C00CB1E74 /* Frameworks */,
				E1F32A6C2CDC683C00CB1E74 /* Resources */,
			);
			buildRules = (
			);
			dependencies = (
			);
			name = StudentPerfomance;
			productName = StudentPerfomance;
			productReference = E1F32A6E2CDC683C00CB1E74 /* StudentPerfomance.app */;
			productType = "com.apple.product-type.application";
		};
/* End PBXNativeTarget section */

/* Begin PBXProject section */
		E1F32A662CDC683C00CB1E74 /* Project object */ = {
			isa = PBXProject;
			attributes = {
				BuildIndependentTargetsInParallel = 1;
				LastSwiftUpdateCheck = 1540;
				LastUpgradeCheck = 1540;
				TargetAttributes = {
					E1F32A6D2CDC683C00CB1E74 = {
						CreatedOnToolsVersion = 15.4;
					};
				};
			};
			buildConfigurationList = E1F32A692CDC683C00CB1E74 /* Build configuration list for PBXProject "StudentPerfomance" */;
			compatibilityVersion = "Xcode 14.0";
			developmentRegion = en;
			hasScannedForEncodings = 0;
			knownRegions = (
				en,
				Base,
			);
			mainGroup = E1F32A652CDC683C00CB1E74;
			productRefGroup = E1F32A6F2CDC683C00CB1E74 /* Products */;
			projectDirPath = "";
			projectRoot = "";
			targets = (
				E1F32A6D2CDC683C00CB1E74 /* StudentPerfomance */,
			);
		};
/* End PBXProject section */

/* Begin PBXResourcesBuildPhase section */
		E1F32A6C2CDC683C00CB1E74 /* Resources */ = {
			isa = PBXResourcesBuildPhase;
			buildActionMask = 2147483647;
			files = (
				E1F32A7B2CDC683F00CB1E74 /* Assets.xcassets in Resources */,
				E1F32A7E2CDC683F00CB1E74 /* Base in Resources */,
				E1F32A792CDC683C00CB1E74 /* Base in Resources */,
			);
			runOnlyForDeploymentPostprocessing = 0;
		};
/* End PBXResourcesBuildPhase section */

/* Begin PBXSourcesBuildPhase section */
		E1F32A6A2CDC683C00CB1E74 /* Sources */ = {
			isa = PBXSourcesBuildPhase;
			buildActionMask = 2147483647;
			files = (
				E1F32A762CDC683C00CB1E74 /* ViewController.swift in Sources */,
				E1F32A722CDC683C00CB1E74 /* AppDelegate.swift in Sources */,
				E1F32A742CDC683C00CB1E74 /* SceneDelegate.swift in Sources */,
				371752E42CDC7DD200AF6936 /* Student_Performance.mlmodel in Sources */,
			);
			runOnlyForDeploymentPostprocessing = 0;
		};
/* End PBXSourcesBuildPhase section */

/* Begin PBXVariantGroup section */
		E1F32A772CDC683C00CB1E74 /* Main.storyboard */ = {
			isa = PBXVariantGroup;
			children = (
				E1F32A782CDC683C00CB1E74 /* Base */,
			);
			name = Main.storyboard;
			sourceTree = "<group>";
		};
		E1F32A7C2CDC683F00CB1E74 /* LaunchScreen.storyboard */ = {
			isa = PBXVariantGroup;
			children = (
				E1F32A7D2CDC683F00CB1E74 /* Base */,
			);
			name = LaunchScreen.storyboard;
			sourceTree = "<group>";
		};
/* End PBXVariantGroup section */

/* Begin XCBuildConfiguration section */
		E1F32A802CDC683F00CB1E74 /* Debug */ = {
			isa = XCBuildConfiguration;
			buildSettings = {
				ALWAYS_SEARCH_USER_PATHS = NO;
				ASSETCATALOG_COMPILER_GENERATE_SWIFT_ASSET_SYMBOL_EXTENSIONS = YES;
				CLANG_ANALYZER_NONNULL = YES;
				CLANG_ANALYZER_NUMBER_OBJECT_CONVERSION = YES_AGGRESSIVE;
				CLANG_CXX_LANGUAGE_STANDARD = "gnu++20";
				CLANG_ENABLE_MODULES = YES;
				CLANG_ENABLE_OBJC_ARC = YES;
				CLANG_ENABLE_OBJC_WEAK = YES;
				CLANG_WARN_BLOCK_CAPTURE_AUTORELEASING = YES;
				CLANG_WARN_BOOL_CONVERSION = YES;
				CLANG_WARN_COMMA = YES;
				CLANG_WARN_CONSTANT_CONVERSION = YES;
				CLANG_WARN_DEPRECATED_OBJC_IMPLEMENTATIONS = YES;
				CLANG_WARN_DIRECT_OBJC_ISA_USAGE = YES_ERROR;
				CLANG_WARN_DOCUMENTATION_COMMENTS = YES;
				CLANG_WARN_EMPTY_BODY = YES;
				CLANG_WARN_ENUM_CONVERSION = YES;
				CLANG_WARN_INFINITE_RECURSION = YES;
				CLANG_WARN_INT_CONVERSION = YES;
				CLANG_WARN_NON_LITERAL_NULL_CONVERSION = YES;
				CLANG_WARN_OBJC_IMPLICIT_RETAIN_SELF = YES;
				CLANG_WARN_OBJC_LITERAL_CONVERSION = YES;
				CLANG_WARN_OBJC_ROOT_CLASS = YES_ERROR;
				CLANG_WARN_QUOTED_INCLUDE_IN_FRAMEWORK_HEADER = YES;
				CLANG_WARN_RANGE_LOOP_ANALYSIS = YES;
				CLANG_WARN_STRICT_PROTOTYPES = YES;
				CLANG_WARN_SUSPICIOUS_MOVE = YES;
				CLANG_WARN_UNGUARDED_AVAILABILITY = YES_AGGRESSIVE;
				CLANG_WARN_UNREACHABLE_CODE = YES;
				CLANG_WARN__DUPLICATE_METHOD_MATCH = YES;
				COPY_PHASE_STRIP = NO;
				DEBUG_INFORMATION_FORMAT = dwarf;
				ENABLE_STRICT_OBJC_MSGSEND = YES;
				ENABLE_TESTABILITY = YES;
				ENABLE_USER_SCRIPT_SANDBOXING = YES;
				GCC_C_LANGUAGE_STANDARD = gnu17;
				GCC_DYNAMIC_NO_PIC = NO;
				GCC_NO_COMMON_BLOCKS = YES;
				GCC_OPTIMIZATION_LEVEL = 0;
				GCC_PREPROCESSOR_DEFINITIONS = (
					"DEBUG=1",
					"$(inherited)",
				);
				GCC_WARN_64_TO_32_BIT_CONVERSION = YES;
				GCC_WARN_ABOUT_RETURN_TYPE = YES_ERROR;
				GCC_WARN_UNDECLARED_SELECTOR = YES;
				GCC_WARN_UNINITIALIZED_AUTOS = YES_AGGRESSIVE;
				GCC_WARN_UNUSED_FUNCTION = YES;
				GCC_WARN_UNUSED_VARIABLE = YES;
				IPHONEOS_DEPLOYMENT_TARGET = 17.5;
				LOCALIZATION_PREFERS_STRING_CATALOGS = YES;
				MTL_ENABLE_DEBUG_INFO = INCLUDE_SOURCE;
				MTL_FAST_MATH = YES;
				ONLY_ACTIVE_ARCH = YES;
				SDKROOT = iphoneos;
				SWIFT_ACTIVE_COMPILATION_CONDITIONS = "DEBUG $(inherited)";
				SWIFT_OPTIMIZATION_LEVEL = "-Onone";
			};
			name = Debug;
		};
		E1F32A812CDC683F00CB1E74 /* Release */ = {
			isa = XCBuildConfiguration;
			buildSettings = {
				ALWAYS_SEARCH_USER_PATHS = NO;
				ASSETCATALOG_COMPILER_GENERATE_SWIFT_ASSET_SYMBOL_EXTENSIONS = YES;
				CLANG_ANALYZER_NONNULL = YES;
				CLANG_ANALYZER_NUMBER_OBJECT_CONVERSION = YES_AGGRESSIVE;
				CLANG_CXX_LANGUAGE_STANDARD = "gnu++20";
				CLANG_ENABLE_MODULES = YES;
				CLANG_ENABLE_OBJC_ARC = YES;
				CLANG_ENABLE_OBJC_WEAK = YES;
				CLANG_WARN_BLOCK_CAPTURE_AUTORELEASING = YES;
				CLANG_WARN_BOOL_CONVERSION = YES;
				CLANG_WARN_COMMA = YES;
				CLANG_WARN_CONSTANT_CONVERSION = YES;
				CLANG_WARN_DEPRECATED_OBJC_IMPLEMENTATIONS = YES;
				CLANG_WARN_DIRECT_OBJC_ISA_USAGE = YES_ERROR;
				CLANG_WARN_DOCUMENTATION_COMMENTS = YES;
				CLANG_WARN_EMPTY_BODY = YES;
				CLANG_WARN_ENUM_CONVERSION = YES;
				CLANG_WARN_INFINITE_RECURSION = YES;
				CLANG_WARN_INT_CONVERSION = YES;
				CLANG_WARN_NON_LITERAL_NULL_CONVERSION = YES;
				CLANG_WARN_OBJC_IMPLICIT_RETAIN_SELF = YES;
				CLANG_WARN_OBJC_LITERAL_CONVERSION = YES;
				CLANG_WARN_OBJC_ROOT_CLASS = YES_ERROR;
				CLANG_WARN_QUOTED_INCLUDE_IN_FRAMEWORK_HEADER = YES;
				CLANG_WARN_RANGE_LOOP_ANALYSIS = YES;
				CLANG_WARN_STRICT_PROTOTYPES = YES;
				CLANG_WARN_SUSPICIOUS_MOVE = YES;
				CLANG_WARN_UNGUARDED_AVAILABILITY = YES_AGGRESSIVE;
				CLANG_WARN_UNREACHABLE_CODE = YES;
				CLANG_WARN__DUPLICATE_METHOD_MATCH = YES;
				COPY_PHASE_STRIP = NO;
				DEBUG_INFORMATION_FORMAT = "dwarf-with-dsym";
				ENABLE_NS_ASSERTIONS = NO;
				ENABLE_STRICT_OBJC_MSGSEND = YES;
				ENABLE_USER_SCRIPT_SANDBOXING = YES;
				GCC_C_LANGUAGE_STANDARD = gnu17;
				GCC_NO_COMMON_BLOCKS = YES;
				GCC_WARN_64_TO_32_BIT_CONVERSION = YES;
				GCC_WARN_ABOUT_RETURN_TYPE = YES_ERROR;
				GCC_WARN_UNDECLARED_SELECTOR = YES;
				GCC_WARN_UNINITIALIZED_AUTOS = YES_AGGRESSIVE;
				GCC_WARN_UNUSED_FUNCTION = YES;
				GCC_WARN_UNUSED_VARIABLE = YES;
				IPHONEOS_DEPLOYMENT_TARGET = 17.5;
				LOCALIZATION_PREFERS_STRING_CATALOGS = YES;
				MTL_ENABLE_DEBUG_INFO = NO;
				MTL_FAST_MATH = YES;
				SDKROOT = iphoneos;
				SWIFT_COMPILATION_MODE = wholemodule;
				VALIDATE_PRODUCT = YES;
			};
			name = Release;
		};
		E1F32A832CDC683F00CB1E74 /* Debug */ = {
			isa = XCBuildConfiguration;
			buildSettings = {
				ASSETCATALOG_COMPILER_APPICON_NAME = AppIcon;
				ASSETCATALOG_COMPILER_GLOBAL_ACCENT_COLOR_NAME = AccentColor;
				CODE_SIGN_STYLE = Automatic;
				CURRENT_PROJECT_VERSION = 1;
				DEVELOPMENT_TEAM = G7G9Q58G56;
				GENERATE_INFOPLIST_FILE = YES;
				INFOPLIST_FILE = StudentPerfomance/Info.plist;
				INFOPLIST_KEY_UIApplicationSupportsIndirectInputEvents = YES;
				INFOPLIST_KEY_UILaunchStoryboardName = LaunchScreen;
				INFOPLIST_KEY_UIMainStoryboardFile = Main;
				INFOPLIST_KEY_UISupportedInterfaceOrientations_iPad = "UIInterfaceOrientationPortrait UIInterfaceOrientationPortraitUpsideDown UIInterfaceOrientationLandscapeLeft UIInterfaceOrientationLandscapeRight";
				INFOPLIST_KEY_UISupportedInterfaceOrientations_iPhone = "UIInterfaceOrientationPortrait UIInterfaceOrientationLandscapeLeft UIInterfaceOrientationLandscapeRight";
				LD_RUNPATH_SEARCH_PATHS = (
					"$(inherited)",
					"@executable_path/Frameworks",
				);
				MARKETING_VERSION = 1.0;
				PRODUCT_BUNDLE_IDENTIFIER = com.example.StudentPerfomance;
				PRODUCT_NAME = "$(TARGET_NAME)";
				SWIFT_EMIT_LOC_STRINGS = YES;
				SWIFT_VERSION = 5.0;
				TARGETED_DEVICE_FAMILY = "1,2";
			};
			name = Debug;
		};
		E1F32A842CDC683F00CB1E74 /* Release */ = {
			isa = XCBuildConfiguration;
			buildSettings = {
				ASSETCATALOG_COMPILER_APPICON_NAME = AppIcon;
				ASSETCATALOG_COMPILER_GLOBAL_ACCENT_COLOR_NAME = AccentColor;
				CODE_SIGN_STYLE = Automatic;
				CURRENT_PROJECT_VERSION = 1;
				DEVELOPMENT_TEAM = G7G9Q58G56;
				GENERATE_INFOPLIST_FILE = YES;
				INFOPLIST_FILE = StudentPerfomance/Info.plist;
				INFOPLIST_KEY_UIApplicationSupportsIndirectInputEvents = YES;
				INFOPLIST_KEY_UILaunchStoryboardName = LaunchScreen;
				INFOPLIST_KEY_UIMainStoryboardFile = Main;
				INFOPLIST_KEY_UISupportedInterfaceOrientations_iPad = "UIInterfaceOrientationPortrait UIInterfaceOrientationPortraitUpsideDown UIInterfaceOrientationLandscapeLeft UIInterfaceOrientationLandscapeRight";
				INFOPLIST_KEY_UISupportedInterfaceOrientations_iPhone = "UIInterfaceOrientationPortrait UIInterfaceOrientationLandscapeLeft UIInterfaceOrientationLandscapeRight";
				LD_RUNPATH_SEARCH_PATHS = (
					"$(inherited)",
					"@executable_path/Frameworks",
				);
				MARKETING_VERSION = 1.0;
				PRODUCT_BUNDLE_IDENTIFIER = com.example.StudentPerfomance;
				PRODUCT_NAME = "$(TARGET_NAME)";
				SWIFT_EMIT_LOC_STRINGS = YES;
				SWIFT_VERSION = 5.0;
				TARGETED_DEVICE_FAMILY = "1,2";
			};
			name = Release;
		};
/* End XCBuildConfiguration section */

/* Begin XCConfigurationList section */
		E1F32A692CDC683C00CB1E74 /* Build configuration list for PBXProject "StudentPerfomance" */ = {
			isa = XCConfigurationList;
			buildConfigurations = (
				E1F32A802CDC683F00CB1E74 /* Debug */,
				E1F32A812CDC683F00CB1E74 /* Release */,
			);
			defaultConfigurationIsVisible = 0;
			defaultConfigurationName = Release;
		};
		E1F32A822CDC683F00CB1E74 /* Build configuration list for PBXNativeTarget "StudentPerfomance" */ = {
			isa = XCConfigurationList;
			buildConfigurations = (
				E1F32A832CDC683F00CB1E74 /* Debug */,
				E1F32A842CDC683F00CB1E74 /* Release */,
			);
			defaultConfigurationIsVisible = 0;
			defaultConfigurationName = Release;
		};
/* End XCConfigurationList section */
	};
	rootObject = E1F32A662CDC683C00CB1E74 /* Project object */;
}
